{
	"name": "dotfiles",
	"version": "1.0.0",
	"lockfileVersion": 3,
	"requires": true,
	"packages": {
		"": {
			"name": "dotfiles",
			"version": "1.0.0",
			"license": "MIT",
			"devDependencies": {
				"prettier": "^3.9.6",
				"prettier-plugin-sh": "^0.19.0"
			}
		},
		"node_modules/@reteps/dockerfmt": {
			"version": "0.5.4",
			"resolved": "https://registry.npmjs.org/@reteps/dockerfmt/-/dockerfmt-0.5.4.tgz",
			"integrity": "sha512-HEGgXVVOb+JtGUSSzXl/XPKFIZjMDTUoHarCjaQdkY+cb5M9K/O3b5xm+x0IPIk3SfHurbc0bSgcFsQlzjitxA==",
			"dev": true,
			"license": "MIT",
			"bin": {
				"dockerfmt": "dist/launcher.js"
			},
			"engines": {
				"node": "^v12.20.0 || ^14.13.0 || >=16.0.0"
			},
			"optionalDependencies": {
				"@reteps/dockerfmt-darwin-arm64": "0.5.4",
				"@reteps/dockerfmt-darwin-x64": "0.5.4",
				"@reteps/dockerfmt-linux-arm64": "0.5.4",
				"@reteps/dockerfmt-linux-x64": "0.5.4"
			}
		},
		"node_modules/@reteps/dockerfmt-darwin-arm64": {
			"version": "0.5.4",
			"resolved": "https://registry.npmjs.org/@reteps/dockerfmt-darwin-arm64/-/dockerfmt-darwin-arm64-0.5.4.tgz",
			"integrity": "sha512-urMqV+dQyvVI8/WrXwClX9e1PEyS35wFdwJjpZYmL09AkV4Io5U1oam8UBKK7jZk0+YsdF88ay6e86Kn6DIyQg==",
			"cpu": [
				"arm64"
			],
			"dev": true,
			"license": "MIT",
			"optional": true,
			"os": [
				"darwin"
			]
		},
		"node_modules/@reteps/dockerfmt-darwin-x64": {
			"version": "0.5.4",
			"resolved": "https://registry.npmjs.org/@reteps/dockerfmt-darwin-x64/-/dockerfmt-darwin-x64-0.5.4.tgz",
			"integrity": "sha512-fJORy6DFxbgDiMqxpLTPZlb5KUY0Vq0iR4NGnyKnuYZ9LdZUS508DK2kt/AJ87/jIKNV1qRG0JXG1Tc6xdvWjw==",
			"cpu": [
				"x64"
			],
			"dev": true,
			"license": "MIT",
			"optional": true,
			"os": [
				"darwin"
			]
		},
		"node_modules/@reteps/dockerfmt-linux-arm64": {
			"version": "0.5.4",
			"resolved": "https://registry.npmjs.org/@reteps/dockerfmt-linux-arm64/-/dockerfmt-linux-arm64-0.5.4.tgz",
			"integrity": "sha512-6pVakO06eXtDuvxy1Dnjs/gQyUoGGycle8PRSt5IFRwLi/AVaOQwfkfmW0WP8VH9wNUeti6BfJ3ksTn2G+XMxg==",
			"cpu": [
				"arm64"
			],
			"dev": true,
			"license": "MIT",
			"optional": true,
			"os": [
				"linux"
			]
		},
		"node_modules/@reteps/dockerfmt-linux-x64": {
			"version": "0.5.4",
			"resolved": "https://registry.npmjs.org/@reteps/dockerfmt-linux-x64/-/dockerfmt-linux-x64-0.5.4.tgz",
			"integrity": "sha512-OD6SIlUV1D4TgJoTui3FMBAZsGbTSPYsiT0BKhD6jMUcJb3GpFTa7dY9rL8rP9FUqfL7OTHVUGUOL4Rh64Olog==",
			"cpu": [
				"x64"
			],
			"dev": true,
			"license": "MIT",
			"optional": true,
			"os": [
				"linux"
			]
		},
		"node_modules/prettier": {
			"version": "3.9.6",
			"resolved": "https://registry.npmjs.org/prettier/-/prettier-3.9.6.tgz",
			"integrity": "sha512-OpN0zzVdiaiAhxpuuj5efpIS4sY9j7bY6uR5mnj5yPzGkdkjNKSJeUThPb60Jw29QuAZgA4o+/iB49kFiaBX6g==",
			"dev": true,
			"license": "MIT",
			"bin": {
				"prettier": "bin/prettier.cjs"
			},
			"engines": {
				"node": ">=14"
			},
			"funding": {
				"url": "https://github.com/prettier/prettier?sponsor=1"
			}
		},
		"node_modules/prettier-plugin-sh": {
			"version": "0.19.0",
			"resolved": "https://registry.npmjs.org/prettier-plugin-sh/-/prettier-plugin-sh-0.19.0.tgz",
			"integrity": "sha512-39VXFZH/cOGtcuu8aeSvqp/hhwomOR4QroZUj+jBz2cNb3os9s0sqFZSNlYts6jdtLLDU7D2YT3Z1+abtb7adQ==",
			"dev": true,
			"license": "MIT",
			"dependencies": {
				"@reteps/dockerfmt": "^0.5.4",
				"sh-syntax": "^0.6.0"
			},
			"engines": {
				"node": ">=16.0.0"
			},
			"funding": {
				"url": "https://opencollective.com/unts"
			},
			"peerDependencies": {
				"prettier": "^3.6.0"
			}
		},
		"node_modules/sh-syntax": {
			"version": "0.6.0",
			"resolved": "https://registry.npmjs.org/sh-syntax/-/sh-syntax-0.6.0.tgz",
			"integrity": "sha512-52VK6z/cdZHv7UURjIcwfBUQZrAhIEEe0bY4lrkfypjnFIKsDZdD3Uaz/dBiw/sF8BeX0Mssv140s8EnrsJ9dQ==",
			"dev": true,
			"license": "MIT",
			"engines": {
				"node": ">=16.0.0"
			},
			"funding": {
				"url": "https://opencollective.com/sh-syntax"
			}
		}
	}
}
